
Microsoft Visual Studio Solution File, Format Version 12.00
# Visual Studio Version 17
VisualStudioVersion = 17.5.33627.172
MinimumVisualStudioVersion = 10.0.40219.1
Project("{FAE04EC0-301F-11D3-BF4B-00C04F79EFBC}") = "Travelndc", "Travelndc\Travelndc.csproj", "{FBA2085C-26C3-49EF-955C-09428E935491}"
EndProject
Global
	GlobalSection(SolutionConfigurationPlatforms) = preSolution
		Debug|Any CPU = Debug|Any CPU
		Release|Any CPU = Release|Any CPU
	EndGlobalSection
	GlobalSection(ProjectConfigurationPlatforms) = postSolution
		{FBA2085C-26C3-49EF-955C-09428E935491}.Debug|Any CPU.ActiveCfg = Debug|Any CPU
		{FBA2085C-26C3-49EF-955C-09428E935491}.Debug|Any CPU.Build.0 = Debug|Any CPU
		{FBA2085C-26C3-49EF-955C-09428E935491}.Release|Any CPU.ActiveCfg = Release|Any CPU
		{FBA2085C-26C3-49EF-955C-09428E935491}.Release|Any CPU.Build.0 = Release|Any CPU
	EndGlobalSection
	GlobalSection(SolutionProperties) = preSolution
		HideSolutionNode = FALSE
	EndGlobalSection
	GlobalSection(ExtensibilityGlobals) = postSolution
		SolutionGuid = {5969CB30-1656-4719-B738-814D7406B8CE}
	EndGlobalSection
EndGlobal
